{
  "name": "openclaw-perplexity-plugin-9e59921123",
  "lockfileVersion": 3,
  "requires": true,
  "packages": {
    "": {
      "dependencies": {
        "@openclaw/perplexity-plugin": "2026.7.1"
      }
    },
    "node_modules/@openclaw/perplexity-plugin": {
      "version": "2026.7.1",
      "resolved": "https://registry.npmjs.org/@openclaw/perplexity-plugin/-/perplexity-plugin-2026.7.1.tgz",
      "integrity": "sha512-gH9c8189+50ouUcAN6RV7UVVwzibG3gbIt776a7yoGKidDg9R1gDkiZYHMG2PsUw7e2oRvVwn4xzymYpj4f/DA==",
      "hasShrinkwrap": true,
      "peerDependencies": {
        "openclaw": ">=2026.7.1"
      },
      "peerDependenciesMeta": {
        "openclaw": {
          "optional": true
        }
      }
    }
  }
}
