{
  "name": "openclaw-brave-plugin-11fe9e3aa3",
  "lockfileVersion": 3,
  "requires": true,
  "packages": {
    "": {
      "dependencies": {
        "@openclaw/brave-plugin": "2026.6.10"
      }
    },
    "node_modules/@openclaw/brave-plugin": {
      "version": "2026.6.10",
      "resolved": "https://registry.npmjs.org/@openclaw/brave-plugin/-/brave-plugin-2026.6.10.tgz",
      "integrity": "sha512-DDRnb4reL99O8kbISNbRFyk/xoUPYHsXG3UGikKAsVs+zIldYYA0hY0d3Z2aWoE+0vfda27mJUByCo7Xr15qdw==",
      "hasShrinkwrap": true,
      "peerDependencies": {
        "openclaw": ">=2026.6.10"
      },
      "peerDependenciesMeta": {
        "openclaw": {
          "optional": true
        }
      }
    }
  }
}
